// !$*UTF8*$!
{
	archiveVersion = 1;
	classes = {
	};
	objectVersion = 50;
	objects = {

/* Begin PBXBuildFile section */
		1A1AE4A8268EFDB70057E81D /* PictureCollectionView.swift in Sources */ = {isa = PBXBuildFile; fileRef = 1A1AE4A7268EFDB70057E81D /* PictureCollectionView.swift */; };
		1A1AE4AA268EFE370057E81D /* PictureCollectionCell.swift in Sources */ = {isa = PBXBuildFile; fileRef = 1A1AE4A9268EFE370057E81D /* PictureCollectionCell.swift */; };
		1A3477332691586700B4C36D /* Picture.swift in Sources */ = {isa = PBXBuildFile; fileRef = 1A3477322691586700B4C36D /* Picture.swift */; };
		1A49B33D268EBEE200B72F36 /* AlertService.swift in Sources */ = {isa = PBXBuildFile; fileRef = 1A49B33C268EBEE200B72F36 /* AlertService.swift */; };
		1A63B5EF2689B9F70062D486 /* AppDelegate.swift in Sources */ = {isa = PBXBuildFile; fileRef = 1A63B5EE2689B9F70062D486 /* AppDelegate.swift */; };
		1A63B5F12689B9F70062D486 /* SceneDelegate.swift in Sources */ = {isa = PBXBuildFile; fileRef = 1A63B5F02689B9F70062D486 /* SceneDelegate.swift */; };
		1A63B5F32689B9F70062D486 /* ViewController.swift in Sources */ = {isa = PBXBuildFile; fileRef = 1A63B5F22689B9F70062D486 /* ViewController.swift */; };
		1A63B5F62689B9F70062D486 /* Main.storyboard in Resources */ = {isa = PBXBuildFile; fileRef = 1A63B5F42689B9F70062D486 /* Main.storyboard */; };
		1A63B5F82689B9FD0062D486 /* Assets.xcassets in Resources */ = {isa = PBXBuildFile; fileRef = 1A63B5F72689B9FD0062D486 /* Assets.xcassets */; };
		1A63B5FB2689B9FD0062D486 /* LaunchScreen.storyboard in Resources */ = {isa = PBXBuildFile; fileRef = 1A63B5F92689B9FD0062D486 /* LaunchScreen.storyboard */; };
		1A63B6032689BAAD0062D486 /* NotesViewController.swift in Sources */ = {isa = PBXBuildFile; fileRef = 1A63B6022689BAAD0062D486 /* NotesViewController.swift */; };
		1A63B6052689BACF0062D486 /* EntryViewController.swift in Sources */ = {isa = PBXBuildFile; fileRef = 1A63B6042689BACF0062D486 /* EntryViewController.swift */; };
		1A7C35D2268B0C22002E402C /* Note.swift in Sources */ = {isa = PBXBuildFile; fileRef = 1A7C35D1268B0C22002E402C /* Note.swift */; };
/* End PBXBuildFile section */

/* Begin PBXFileReference section */
		1A1AE4A7268EFDB70057E81D /* PictureCollectionView.swift */ = {isa = PBXFileReference; lastKnownFileType = sourcecode.swift; path = PictureCollectionView.swift; sourceTree = "<group>"; };
		1A1AE4A9268EFE370057E81D /* PictureCollectionCell.swift */ = {isa = PBXFileReference; lastKnownFileType = sourcecode.swift; path = PictureCollectionCell.swift; sourceTree = "<group>"; };
		1A3477322691586700B4C36D /* Picture.swift */ = {isa = PBXFileReference; lastKnownFileType = sourcecode.swift; path = Picture.swift; sourceTree = "<group>"; };
		1A49B33C268EBEE200B72F36 /* AlertService.swift */ = {isa = PBXFileReference; lastKnownFileType = sourcecode.swift; path = AlertService.swift; sourceTree = "<group>"; };
		1A63B5EB2689B9F70062D486 /* NotesApplication.app */ = {isa = PBXFileReference; explicitFileType = wrapper.application; includeInIndex = 0; path = NotesApplication.app; sourceTree = BUILT_PRODUCTS_DIR; };
		1A63B5EE2689B9F70062D486 /* AppDelegate.swift */ = {isa = PBXFileReference; lastKnownFileType = sourcecode.swift; path = AppDelegate.swift; sourceTree = "<group>"; };
		1A63B5F02689B9F70062D486 /* SceneDelegate.swift */ = {isa = PBXFileReference; lastKnownFileType = sourcecode.swift; path = SceneDelegate.swift; sourceTree = "<group>"; };
		1A63B5F22689B9F70062D486 /* ViewController.swift */ = {isa = PBXFileReference; lastKnownFileType = sourcecode.swift; path = ViewController.swift; sourceTree = "<group>"; };
		1A63B5F52689B9F70062D486 /* Base */ = {isa = PBXFileReference; lastKnownFileType = file.storyboard; name = Base; path = Base.lproj/Main.storyboard; sourceTree = "<group>"; };
		1A63B5F72689B9FD0062D486 /* Assets.xcassets */ = {isa = PBXFileReference; lastKnownFileType = folder.assetcatalog; path = Assets.xcassets; sourceTree = "<group>"; };
		1A63B5FA2689B9FD0062D486 /* Base */ = {isa = PBXFileReference; lastKnownFileType = file.storyboard; name = Base; path = Base.lproj/LaunchScreen.storyboard; sourceTree = "<group>"; };
		1A63B5FC2689B9FD0062D486 /* Info.plist */ = {isa = PBXFileReference; lastKnownFileType = text.plist.xml; path = Info.plist; sourceTree = "<group>"; };
		1A63B6022689BAAD0062D486 /* NotesViewController.swift */ = {isa = PBXFileReference; lastKnownFileType = sourcecode.swift; path = NotesViewController.swift; sourceTree = "<group>"; };
		1A63B6042689BACF0062D486 /* EntryViewController.swift */ = {isa = PBXFileReference; lastKnownFileType = sourcecode.swift; path = EntryViewController.swift; sourceTree = "<group>"; };
		1A7C35D1268B0C22002E402C /* Note.swift */ = {isa = PBXFileReference; lastKnownFileType = sourcecode.swift; path = Note.swift; sourceTree = "<group>"; };
/* End PBXFileReference section */

/* Begin PBXFrameworksBuildPhase section */
		1A63B5E82689B9F70062D486 /* Frameworks */ = {
			isa = PBXFrameworksBuildPhase;
			buildActionMask = 2147483647;
			files = (
			);
			runOnlyForDeploymentPostprocessing = 0;
		};
/* End PBXFrameworksBuildPhase section */

/* Begin PBXGroup section */
		1A63B5E22689B9F70062D486 = {
			isa = PBXGroup;
			children = (
				1A63B5ED2689B9F70062D486 /* NotesApplication */,
				1A63B5EC2689B9F70062D486 /* Products */,
			);
			sourceTree = "<group>";
		};
		1A63B5EC2689B9F70062D486 /* Products */ = {
			isa = PBXGroup;
			children = (
				1A63B5EB2689B9F70062D486 /* NotesApplication.app */,
			);
			name = Products;
			sourceTree = "<group>";
		};
		1A63B5ED2689B9F70062D486 /* NotesApplication */ = {
			isa = PBXGroup;
			children = (
				1A63B5EE2689B9F70062D486 /* AppDelegate.swift */,
				1A63B5F02689B9F70062D486 /* SceneDelegate.swift */,
				1A63B5F22689B9F70062D486 /* ViewController.swift */,
				1A63B5F42689B9F70062D486 /* Main.storyboard */,
				1A63B5F72689B9FD0062D486 /* Assets.xcassets */,
				1A63B5F92689B9FD0062D486 /* LaunchScreen.storyboard */,
				1A63B5FC2689B9FD0062D486 /* Info.plist */,
				1A63B6022689BAAD0062D486 /* NotesViewController.swift */,
				1A63B6042689BACF0062D486 /* EntryViewController.swift */,
				1A7C35D1268B0C22002E402C /* Note.swift */,
				1A49B33C268EBEE200B72F36 /* AlertService.swift */,
				1A1AE4A7268EFDB70057E81D /* PictureCollectionView.swift */,
				1A1AE4A9268EFE370057E81D /* PictureCollectionCell.swift */,
				1A3477322691586700B4C36D /* Picture.swift */,
			);
			path = NotesApplication;
			sourceTree = "<group>";
		};
/* End PBXGroup section */

/* Begin PBXNativeTarget section */
		1A63B5EA2689B9F70062D486 /* NotesApplication */ = {
			isa = PBXNativeTarget;
			buildConfigurationList = 1A63B5FF2689B9FD0062D486 /* Build configuration list for PBXNativeTarget "NotesApplication" */;
			buildPhases = (
				1A63B5E72689B9F70062D486 /* Sources */,
				1A63B5E82689B9F70062D486 /* Frameworks */,
				1A63B5E92689B9F70062D486 /* Resources */,
			);
			buildRules = (
			);
			dependencies = (
			);
			name = NotesApplication;
			productName = NotesApplication;
			productReference = 1A63B5EB2689B9F70062D486 /* NotesApplication.app */;
			productType = "com.apple.product-type.application";
		};
/* End PBXNativeTarget section */

/* Begin PBXProject section */
		1A63B5E32689B9F70062D486 /* Project object */ = {
			isa = PBXProject;
			attributes = {
				LastSwiftUpdateCheck = 1250;
				LastUpgradeCheck = 1250;
				TargetAttributes = {
					1A63B5EA2689B9F70062D486 = {
						CreatedOnToolsVersion = 12.5.1;
					};
				};
			};
			buildConfigurationList = 1A63B5E62689B9F70062D486 /* Build configuration list for PBXProject "NotesApplication" */;
			compatibilityVersion = "Xcode 9.3";
			developmentRegion = en;
			hasScannedForEncodings = 0;
			knownRegions = (
				en,
				Base,
			);
			mainGroup = 1A63B5E22689B9F70062D486;
			productRefGroup = 1A63B5EC2689B9F70062D486 /* Products */;
			projectDirPath = "";
			projectRoot = "";
			targets = (
				1A63B5EA2689B9F70062D486 /* NotesApplication */,
			);
		};
/* End PBXProject section */

/* Begin PBXResourcesBuildPhase section */
		1A63B5E92689B9F70062D486 /* Resources */ = {
			isa = PBXResourcesBuildPhase;
			buildActionMask = 2147483647;
			files = (
				1A63B5FB2689B9FD0062D486 /* LaunchScreen.storyboard in Resources */,
				1A63B5F82689B9FD0062D486 /* Assets.xcassets in Resources */,
				1A63B5F62689B9F70062D486 /* Main.storyboard in Resources */,
			);
			runOnlyForDeploymentPostprocessing = 0;
		};
/* End PBXResourcesBuildPhase section */

/* Begin PBXSourcesBuildPhase section */
		1A63B5E72689B9F70062D486 /* Sources */ = {
			isa = PBXSourcesBuildPhase;
			buildActionMask = 2147483647;
			files = (
				1A1AE4AA268EFE370057E81D /* PictureCollectionCell.swift in Sources */,
				1A63B6032689BAAD0062D486 /* NotesViewController.swift in Sources */,
				1A1AE4A8268EFDB70057E81D /* PictureCollectionView.swift in Sources */,
				1A63B6052689BACF0062D486 /* EntryViewController.swift in Sources */,
				1A49B33D268EBEE200B72F36 /* AlertService.swift in Sources */,
				1A63B5F32689B9F70062D486 /* ViewController.swift in Sources */,
				1A3477332691586700B4C36D /* Picture.swift in Sources */,
				1A63B5EF2689B9F70062D486 /* AppDelegate.swift in Sources */,
				1A63B5F12689B9F70062D486 /* SceneDelegate.swift in Sources */,
				1A7C35D2268B0C22002E402C /* Note.swift in Sources */,
			);
			runOnlyForDeploymentPostprocessing = 0;
		};
/* End PBXSourcesBuildPhase section */

/* Begin PBXVariantGroup section */
		1A63B5F42689B9F70062D486 /* Main.storyboard */ = {
			isa = PBXVariantGroup;
			children = (
				1A63B5F52689B9F70062D486 /* Base */,
			);
			name = Main.storyboard;
			sourceTree = "<group>";
		};
		1A63B5F92689B9FD0062D486 /* LaunchScreen.storyboard */ = {
			isa = PBXVariantGroup;
			children = (
				1A63B5FA2689B9FD0062D486 /* Base */,
			);
			name = LaunchScreen.storyboard;
			sourceTree = "<group>";
		};
/* End PBXVariantGroup section */

/* Begin XCBuildConfiguration section */
		1A63B5FD2689B9FD0062D486 /* Debug */ = {
			isa = XCBuildConfiguration;
			buildSettings = {
				ALWAYS_SEARCH_USER_PATHS = NO;
				CLANG_ANALYZER_NONNULL = YES;
				CLANG_ANALYZER_NUMBER_OBJECT_CONVERSION = YES_AGGRESSIVE;
				CLANG_CXX_LANGUAGE_STANDARD = "gnu++14";
				CLANG_CXX_LIBRARY = "libc++";
				CLANG_ENABLE_MODULES = YES;
				CLANG_ENABLE_OBJC_ARC = YES;
				CLANG_ENABLE_OBJC_WEAK = YES;
				CLANG_WARN_BLOCK_CAPTURE_AUTORELEASING = YES;
				CLANG_WARN_BOOL_CONVERSION = YES;
				CLANG_WARN_COMMA = YES;
				CLANG_WARN_CONSTANT_CONVERSION = YES;
				CLANG_WARN_DEPRECATED_OBJC_IMPLEMENTATIONS = YES;
				CLANG_WARN_DIRECT_OBJC_ISA_USAGE = YES_ERROR;
				CLANG_WARN_DOCUMENTATION_COMMENTS = YES;
				CLANG_WARN_EMPTY_BODY = YES;
				CLANG_WARN_ENUM_CONVERSION = YES;
				CLANG_WARN_INFINITE_RECURSION = YES;
				CLANG_WARN_INT_CONVERSION = YES;
				CLANG_WARN_NON_LITERAL_NULL_CONVERSION = YES;
				CLANG_WARN_OBJC_IMPLICIT_RETAIN_SELF = YES;
				CLANG_WARN_OBJC_LITERAL_CONVERSION = YES;
				CLANG_WARN_OBJC_ROOT_CLASS = YES_ERROR;
				CLANG_WARN_QUOTED_INCLUDE_IN_FRAMEWORK_HEADER = YES;
				CLANG_WARN_RANGE_LOOP_ANALYSIS = YES;
				CLANG_WARN_STRICT_PROTOTYPES = YES;
				CLANG_WARN_SUSPICIOUS_MOVE = YES;
				CLANG_WARN_UNGUARDED_AVAILABILITY = YES_AGGRESSIVE;
				CLANG_WARN_UNREACHABLE_CODE = YES;
				CLANG_WARN__DUPLICATE_METHOD_MATCH = YES;
				COPY_PHASE_STRIP = NO;
				DEBUG_INFORMATION_FORMAT = dwarf;
				ENABLE_STRICT_OBJC_MSGSEND = YES;
				ENABLE_TESTABILITY = YES;
				GCC_C_LANGUAGE_STANDARD = gnu11;
				GCC_DYNAMIC_NO_PIC = NO;
				GCC_NO_COMMON_BLOCKS = YES;
				GCC_OPTIMIZATION_LEVEL = 0;
				GCC_PREPROCESSOR_DEFINITIONS = (
					"DEBUG=1",
					"$(inherited)",
				);
				GCC_WARN_64_TO_32_BIT_CONVERSION = YES;
				GCC_WARN_ABOUT_RETURN_TYPE = YES_ERROR;
				GCC_WARN_UNDECLARED_SELECTOR = YES;
				GCC_WARN_UNINITIALIZED_AUTOS = YES_AGGRESSIVE;
				GCC_WARN_UNUSED_FUNCTION = YES;
				GCC_WARN_UNUSED_VARIABLE = YES;
				IPHONEOS_DEPLOYMENT_TARGET = 14.5;
				MTL_ENABLE_DEBUG_INFO = INCLUDE_SOURCE;
				MTL_FAST_MATH = YES;
				ONLY_ACTIVE_ARCH = YES;
				SDKROOT = iphoneos;
				SWIFT_ACTIVE_COMPILATION_CONDITIONS = DEBUG;
				SWIFT_OPTIMIZATION_LEVEL = "-Onone";
			};
			name = Debug;
		};
		1A63B5FE2689B9FD0062D486 /* Release */ = {
			isa = XCBuildConfiguration;
			buildSettings = {
				ALWAYS_SEARCH_USER_PATHS = NO;
				CLANG_ANALYZER_NONNULL = YES;
				CLANG_ANALYZER_NUMBER_OBJECT_CONVERSION = YES_AGGRESSIVE;
				CLANG_CXX_LANGUAGE_STANDARD = "gnu++14";
				CLANG_CXX_LIBRARY = "libc++";
				CLANG_ENABLE_MODULES = YES;
				CLANG_ENABLE_OBJC_ARC = YES;
				CLANG_ENABLE_OBJC_WEAK = YES;
				CLANG_WARN_BLOCK_CAPTURE_AUTORELEASING = YES;
				CLANG_WARN_BOOL_CONVERSION = YES;
				CLANG_WARN_COMMA = YES;
				CLANG_WARN_CONSTANT_CONVERSION = YES;
				CLANG_WARN_DEPRECATED_OBJC_IMPLEMENTATIONS = YES;
				CLANG_WARN_DIRECT_OBJC_ISA_USAGE = YES_ERROR;
				CLANG_WARN_DOCUMENTATION_COMMENTS = YES;
				CLANG_WARN_EMPTY_BODY = YES;
				CLANG_WARN_ENUM_CONVERSION = YES;
				CLANG_WARN_INFINITE_RECURSION = YES;
				CLANG_WARN_INT_CONVERSION = YES;
				CLANG_WARN_NON_LITERAL_NULL_CONVERSION = YES;
				CLANG_WARN_OBJC_IMPLICIT_RETAIN_SELF = YES;
				CLANG_WARN_OBJC_LITERAL_CONVERSION = YES;
				CLANG_WARN_OBJC_ROOT_CLASS = YES_ERROR;
				CLANG_WARN_QUOTED_INCLUDE_IN_FRAMEWORK_HEADER = YES;
				CLANG_WARN_RANGE_LOOP_ANALYSIS = YES;
				CLANG_WARN_STRICT_PROTOTYPES = YES;
				CLANG_WARN_SUSPICIOUS_MOVE = YES;
				CLANG_WARN_UNGUARDED_AVAILABILITY = YES_AGGRESSIVE;
				CLANG_WARN_UNREACHABLE_CODE = YES;
				CLANG_WARN__DUPLICATE_METHOD_MATCH = YES;
				COPY_PHASE_STRIP = NO;
				DEBUG_INFORMATION_FORMAT = "dwarf-with-dsym";
				ENABLE_NS_ASSERTIONS = NO;
				ENABLE_STRICT_OBJC_MSGSEND = YES;
				GCC_C_LANGUAGE_STANDARD = gnu11;
				GCC_NO_COMMON_BLOCKS = YES;
				GCC_WARN_64_TO_32_BIT_CONVERSION = YES;
				GCC_WARN_ABOUT_RETURN_TYPE = YES_ERROR;
				GCC_WARN_UNDECLARED_SELECTOR = YES;
				GCC_WARN_UNINITIALIZED_AUTOS = YES_AGGRESSIVE;
				GCC_WARN_UNUSED_FUNCTION = YES;
				GCC_WARN_UNUSED_VARIABLE = YES;
				IPHONEOS_DEPLOYMENT_TARGET = 14.5;
				MTL_ENABLE_DEBUG_INFO = NO;
				MTL_FAST_MATH = YES;
				SDKROOT = iphoneos;
				SWIFT_COMPILATION_MODE = wholemodule;
				SWIFT_OPTIMIZATION_LEVEL = "-O";
				VALIDATE_PRODUCT = YES;
			};
			name = Release;
		};
		1A63B6002689B9FD0062D486 /* Debug */ = {
			isa = XCBuildConfiguration;
			buildSettings = {
				ASSETCATALOG_COMPILER_APPICON_NAME = AppIcon;
				ASSETCATALOG_COMPILER_GLOBAL_ACCENT_COLOR_NAME = AccentColor;
				CODE_SIGN_STYLE = Automatic;
				INFOPLIST_FILE = NotesApplication/Info.plist;
				LD_RUNPATH_SEARCH_PATHS = (
					"$(inherited)",
					"@executable_path/Frameworks",
				);
				PRODUCT_BUNDLE_IDENTIFIER = MySelf.NotesApplication;
				PRODUCT_NAME = "$(TARGET_NAME)";
				SWIFT_VERSION = 5.0;
				TARGETED_DEVICE_FAMILY = "1,2";
			};
			name = Debug;
		};
		1A63B6012689B9FD0062D486 /* Release */ = {
			isa = XCBuildConfiguration;
			buildSettings = {
				ASSETCATALOG_COMPILER_APPICON_NAME = AppIcon;
				ASSETCATALOG_COMPILER_GLOBAL_ACCENT_COLOR_NAME = AccentColor;
				CODE_SIGN_STYLE = Automatic;
				INFOPLIST_FILE = NotesApplication/Info.plist;
				LD_RUNPATH_SEARCH_PATHS = (
					"$(inherited)",
					"@executable_path/Frameworks",
				);
				PRODUCT_BUNDLE_IDENTIFIER = MySelf.NotesApplication;
				PRODUCT_NAME = "$(TARGET_NAME)";
				SWIFT_VERSION = 5.0;
				TARGETED_DEVICE_FAMILY = "1,2";
			};
			name = Release;
		};
/* End XCBuildConfiguration section */

/* Begin XCConfigurationList section */
		1A63B5E62689B9F70062D486 /* Build configuration list for PBXProject "NotesApplication" */ = {
			isa = XCConfigurationList;
			buildConfigurations = (
				1A63B5FD2689B9FD0062D486 /* Debug */,
				1A63B5FE2689B9FD0062D486 /* Release */,
			);
			defaultConfigurationIsVisible = 0;
			defaultConfigurationName = Release;
		};
		1A63B5FF2689B9FD0062D486 /* Build configuration list for PBXNativeTarget "NotesApplication" */ = {
			isa = XCConfigurationList;
			buildConfigurations = (
				1A63B6002689B9FD0062D486 /* Debug */,
				1A63B6012689B9FD0062D486 /* Release */,
			);
			defaultConfigurationIsVisible = 0;
			defaultConfigurationName = Release;
		};
/* End XCConfigurationList section */
	};
	rootObject = 1A63B5E32689B9F70062D486 /* Project object */;
}
